
Microsoft Visual Studio Solution File, Format Version 12.00
# Visual Studio 15
VisualStudioVersion = 15.0.26730.16
MinimumVisualStudioVersion = 10.0.40219.1
Project("{FAE04EC0-301F-11D3-BF4B-00C04F79EFBC}") = "Lab2Zad1", "Lab2Zad1\Lab2Zad1.csproj", "{347C5DE3-CBD0-4896-B7D2-016D81FCCB89}"
EndProject
Global
	GlobalSection(SolutionConfigurationPlatforms) = preSolution
		Debug|Any CPU = Debug|Any CPU
		Release|Any CPU = Release|Any CPU
	EndGlobalSection
	GlobalSection(ProjectConfigurationPlatforms) = postSolution
		{347C5DE3-CBD0-4896-B7D2-016D81FCCB89}.Debug|Any CPU.ActiveCfg = Debug|Any CPU
		{347C5DE3-CBD0-4896-B7D2-016D81FCCB89}.Debug|Any CPU.Build.0 = Debug|Any CPU
		{347C5DE3-CBD0-4896-B7D2-016D81FCCB89}.Release|Any CPU.ActiveCfg = Release|Any CPU
		{347C5DE3-CBD0-4896-B7D2-016D81FCCB89}.Release|Any CPU.Build.0 = Release|Any CPU
	EndGlobalSection
	GlobalSection(SolutionProperties) = preSolution
		HideSolutionNode = FALSE
	EndGlobalSection
	GlobalSection(ExtensibilityGlobals) = postSolution
		SolutionGuid = {85DD852A-C2BE-4B6F-9B2D-A0CC3E8DA102}
	EndGlobalSection
EndGlobal
